
Microsoft Visual Studio Solution File, Format Version 12.00
# Visual Studio 2013
VisualStudioVersion = 12.0.30723.0
MinimumVisualStudioVersion = 10.0.40219.1
Project("{FAE04EC0-301F-11D3-BF4B-00C04F79EFBC}") = "JControlConsole", "JControlConsole\JControlConsole.csproj", "{FC9A2BDB-57AF-4258-944E-D621E1F4353E}"
EndProject
Project("{FAE04EC0-301F-11D3-BF4B-00C04F79EFBC}") = "JControlConsoleSample", "JControlConsoleSample\JControlConsoleSample.csproj", "{F8FA8E6A-89E5-44B3-9F2D-9382691A1A42}"
EndProject
Global
	GlobalSection(SolutionConfigurationPlatforms) = preSolution
		Debug|Any CPU = Debug|Any CPU
		Release|Any CPU = Release|Any CPU
	EndGlobalSection
	GlobalSection(ProjectConfigurationPlatforms) = postSolution
		{FC9A2BDB-57AF-4258-944E-D621E1F4353E}.Debug|Any CPU.ActiveCfg = Debug|Any CPU
		{FC9A2BDB-57AF-4258-944E-D621E1F4353E}.Debug|Any CPU.Build.0 = Debug|Any CPU
		{FC9A2BDB-57AF-4258-944E-D621E1F4353E}.Release|Any CPU.ActiveCfg = Release|Any CPU
		{FC9A2BDB-57AF-4258-944E-D621E1F4353E}.Release|Any CPU.Build.0 = Release|Any CPU
		{F8FA8E6A-89E5-44B3-9F2D-9382691A1A42}.Debug|Any CPU.ActiveCfg = Debug|Any CPU
		{F8FA8E6A-89E5-44B3-9F2D-9382691A1A42}.Debug|Any CPU.Build.0 = Debug|Any CPU
		{F8FA8E6A-89E5-44B3-9F2D-9382691A1A42}.Release|Any CPU.ActiveCfg = Release|Any CPU
		{F8FA8E6A-89E5-44B3-9F2D-9382691A1A42}.Release|Any CPU.Build.0 = Release|Any CPU
	EndGlobalSection
	GlobalSection(SolutionProperties) = preSolution
		HideSolutionNode = FALSE
	EndGlobalSection
EndGlobal
